
Microsoft Visual Studio Solution File, Format Version 12.00
# Visual Studio Version 17
VisualStudioVersion = 17.5.002.0
MinimumVisualStudioVersion = 10.0.40219.1
Project("{9A19103F-16F7-4668-BE54-9A1E7A4F7556}") = "DesafioPOO", "DesafioPOO.csproj", "{ED993B34-BA75-4E82-8F60-0CE5A6D99502}"
EndProject
Global
	GlobalSection(SolutionConfigurationPlatforms) = preSolution
		Debug|Any CPU = Debug|Any CPU
		Release|Any CPU = Release|Any CPU
	EndGlobalSection
	GlobalSection(ProjectConfigurationPlatforms) = postSolution
		{ED993B34-BA75-4E82-8F60-0CE5A6D99502}.Debug|Any CPU.ActiveCfg = Debug|Any CPU
		{ED993B34-BA75-4E82-8F60-0CE5A6D99502}.Debug|Any CPU.Build.0 = Debug|Any CPU
		{ED993B34-BA75-4E82-8F60-0CE5A6D99502}.Release|Any CPU.ActiveCfg = Release|Any CPU
		{ED993B34-BA75-4E82-8F60-0CE5A6D99502}.Release|Any CPU.Build.0 = Release|Any CPU
	EndGlobalSection
	GlobalSection(SolutionProperties) = preSolution
		HideSolutionNode = FALSE
	EndGlobalSection
	GlobalSection(ExtensibilityGlobals) = postSolution
		SolutionGuid = {3F83FCA4-C108-46C6-8ABB-0FCB320E243E}
	EndGlobalSection
EndGlobal
